
Microsoft Visual Studio Solution File, Format Version 12.00
Project("{FAE04EC0-301F-11D3-BF4B-00C04F79EFBC}") = "Travelers", "Travelers\Travelers.csproj", "{C924D75A-DBF0-4B66-A30E-B795E2CA1614}"
EndProject
Global
	GlobalSection(SolutionConfigurationPlatforms) = preSolution
		Debug|Any CPU = Debug|Any CPU
		Release|Any CPU = Release|Any CPU
	EndGlobalSection
	GlobalSection(ProjectConfigurationPlatforms) = postSolution
		{C924D75A-DBF0-4B66-A30E-B795E2CA1614}.Debug|Any CPU.ActiveCfg = Debug|Any CPU
		{C924D75A-DBF0-4B66-A30E-B795E2CA1614}.Debug|Any CPU.Build.0 = Debug|Any CPU
		{C924D75A-DBF0-4B66-A30E-B795E2CA1614}.Release|Any CPU.ActiveCfg = Release|Any CPU
		{C924D75A-DBF0-4B66-A30E-B795E2CA1614}.Release|Any CPU.Build.0 = Release|Any CPU
	EndGlobalSection
EndGlobal
